
Microsoft Visual Studio Solution File, Format Version 12.00
# Visual Studio Version 17
VisualStudioVersion = 17.1.32421.90
MinimumVisualStudioVersion = 10.0.40219.1
Project("{8BC9CEB8-8B4A-11D0-8D11-00A0C91BC942}") = "三子棋", "三子棋\三子棋.vcxproj", "{43EA3974-010C-44A5-96FB-1E209BB56CCF}"
EndProject
Global
	GlobalSection(SolutionConfigurationPlatforms) = preSolution
		Debug|x64 = Debug|x64
		Debug|x86 = Debug|x86
		Release|x64 = Release|x64
		Release|x86 = Release|x86
	EndGlobalSection
	GlobalSection(ProjectConfigurationPlatforms) = postSolution
		{43EA3974-010C-44A5-96FB-1E209BB56CCF}.Debug|x64.ActiveCfg = Debug|x64
		{43EA3974-010C-44A5-96FB-1E209BB56CCF}.Debug|x64.Build.0 = Debug|x64
		{43EA3974-010C-44A5-96FB-1E209BB56CCF}.Debug|x86.ActiveCfg = Debug|Win32
		{43EA3974-010C-44A5-96FB-1E209BB56CCF}.Debug|x86.Build.0 = Debug|Win32
		{43EA3974-010C-44A5-96FB-1E209BB56CCF}.Release|x64.ActiveCfg = Release|x64
		{43EA3974-010C-44A5-96FB-1E209BB56CCF}.Release|x64.Build.0 = Release|x64
		{43EA3974-010C-44A5-96FB-1E209BB56CCF}.Release|x86.ActiveCfg = Release|Win32
		{43EA3974-010C-44A5-96FB-1E209BB56CCF}.Release|x86.Build.0 = Release|Win32
	EndGlobalSection
	GlobalSection(SolutionProperties) = preSolution
		HideSolutionNode = FALSE
	EndGlobalSection
	GlobalSection(ExtensibilityGlobals) = postSolution
		SolutionGuid = {12A7C3B7-7F83-4D8B-B020-536F3E2299DC}
	EndGlobalSection
EndGlobal
